// !$*UTF8*$!
{
	archiveVersion = 1;
	classes = {
	};
	objectVersion = 46;
	objects = {

/* Begin PBXBuildFile section */
		1063A9C61CF3A67500BFB4E0 /* AppDelegate.swift in Sources */ = {isa = PBXBuildFile; fileRef = 1063A9C51CF3A67500BFB4E0 /* AppDelegate.swift */; };
		1063A9C81CF3A67500BFB4E0 /* HomeViewController.swift in Sources */ = {isa = PBXBuildFile; fileRef = 1063A9C71CF3A67500BFB4E0 /* HomeViewController.swift */; };
		1063A9CB1CF3A67500BFB4E0 /* Main.storyboard in Resources */ = {isa = PBXBuildFile; fileRef = 1063A9C91CF3A67500BFB4E0 /* Main.storyboard */; };
		1063A9CD1CF3A67500BFB4E0 /* Assets.xcassets in Resources */ = {isa = PBXBuildFile; fileRef = 1063A9CC1CF3A67500BFB4E0 /* Assets.xcassets */; };
		1063A9D01CF3A67500BFB4E0 /* LaunchScreen.storyboard in Resources */ = {isa = PBXBuildFile; fileRef = 1063A9CE1CF3A67500BFB4E0 /* LaunchScreen.storyboard */; };
		1063A9E51CF3A6EB00BFB4E0 /* DataService.swift in Sources */ = {isa = PBXBuildFile; fileRef = 1063A9E41CF3A6EB00BFB4E0 /* DataService.swift */; };
		1063A9ED1CF3A72600BFB4E0 /* CreateNewAccountViewController.swift in Sources */ = {isa = PBXBuildFile; fileRef = 1063A9EA1CF3A72600BFB4E0 /* CreateNewAccountViewController.swift */; };
		1063A9EE1CF3A72600BFB4E0 /* ForgotPasswordViewController.swift in Sources */ = {isa = PBXBuildFile; fileRef = 1063A9EB1CF3A72600BFB4E0 /* ForgotPasswordViewController.swift */; };
		1063A9EF1CF3A72600BFB4E0 /* LoginViewController.swift in Sources */ = {isa = PBXBuildFile; fileRef = 1063A9EC1CF3A72600BFB4E0 /* LoginViewController.swift */; };
		1063A9F31CF3B10400BFB4E0 /* PostTableViewCell.swift in Sources */ = {isa = PBXBuildFile; fileRef = 1063A9F21CF3B10400BFB4E0 /* PostTableViewCell.swift */; };
		1063A9F51CF3B1DB00BFB4E0 /* Book.swift in Sources */ = {isa = PBXBuildFile; fileRef = 1063A9F41CF3B1DB00BFB4E0 /* Book.swift */; };
		1063A9F71CF3B1EF00BFB4E0 /* User.swift in Sources */ = {isa = PBXBuildFile; fileRef = 1063A9F61CF3B1EF00BFB4E0 /* User.swift */; };
		10C6E6FA1CF65BC3007BFF69 /* MyBooksViewController.swift in Sources */ = {isa = PBXBuildFile; fileRef = 10C6E6F91CF65BC3007BFF69 /* MyBooksViewController.swift */; };
		10C6E6FC1CF65C55007BFF69 /* MyBooksViewCell.swift in Sources */ = {isa = PBXBuildFile; fileRef = 10C6E6FB1CF65C55007BFF69 /* MyBooksViewCell.swift */; };
		10C6E6FE1CF670A2007BFF69 /* EditBooksViewController.swift in Sources */ = {isa = PBXBuildFile; fileRef = 10C6E6FD1CF670A2007BFF69 /* EditBooksViewController.swift */; };
		10C6E7031CF79FEF007BFF69 /* BarcodeScannerViewController.swift in Sources */ = {isa = PBXBuildFile; fileRef = 10C6E7021CF79FEF007BFF69 /* BarcodeScannerViewController.swift */; };
		10C6E7051CF7A907007BFF69 /* NetworkService.swift in Sources */ = {isa = PBXBuildFile; fileRef = 10C6E7041CF7A907007BFF69 /* NetworkService.swift */; };
		10E2FD411CF3DA7300B6EAE0 /* GoogleService-Info.plist in Resources */ = {isa = PBXBuildFile; fileRef = 10E2FD401CF3DA7300B6EAE0 /* GoogleService-Info.plist */; };
		10E2FD451CF3DCA700B6EAE0 /* SellBooksViewController.swift in Sources */ = {isa = PBXBuildFile; fileRef = 10E2FD441CF3DCA700B6EAE0 /* SellBooksViewController.swift */; };
		344F72721272BDEA70598AFD /* libPods-buyBooks.a in Frameworks */ = {isa = PBXBuildFile; fileRef = 40AF727BB302E4406D9693F7 /* libPods-buyBooks.a */; };
/* End PBXBuildFile section */

/* Begin PBXFileReference section */
		02ADF71089E9F04C8FDACE96 /* Pods-buyBooks.debug.xcconfig */ = {isa = PBXFileReference; includeInIndex = 1; lastKnownFileType = text.xcconfig; name = "Pods-buyBooks.debug.xcconfig"; path = "Pods/Target Support Files/Pods-buyBooks/Pods-buyBooks.debug.xcconfig"; sourceTree = "<group>"; };
		1063A9C51CF3A67500BFB4E0 /* AppDelegate.swift */ = {isa = PBXFileReference; lastKnownFileType = sourcecode.swift; path = AppDelegate.swift; sourceTree = "<group>"; };
		1063A9C71CF3A67500BFB4E0 /* HomeViewController.swift */ = {isa = PBXFileReference; lastKnownFileType = sourcecode.swift; path = HomeViewController.swift; sourceTree = "<group>"; };
		1063A9CA1CF3A67500BFB4E0 /* Base */ = {isa = PBXFileReference; lastKnownFileType = file.storyboard; name = Base; path = Base.lproj/Main.storyboard; sourceTree = "<group>"; };
		1063A9CC1CF3A67500BFB4E0 /* Assets.xcassets */ = {isa = PBXFileReference; lastKnownFileType = folder.assetcatalog; path = Assets.xcassets; sourceTree = "<group>"; };
		1063A9CF1CF3A67500BFB4E0 /* Base */ = {isa = PBXFileReference; lastKnownFileType = file.storyboard; name = Base; path = Base.lproj/LaunchScreen.storyboard; sourceTree = "<group>"; };
		1063A9D11CF3A67500BFB4E0 /* Info.plist */ = {isa = PBXFileReference; lastKnownFileType = text.plist.xml; path = Info.plist; sourceTree = "<group>"; };
		1063A9E41CF3A6EB00BFB4E0 /* DataService.swift */ = {isa = PBXFileReference; fileEncoding = 4; lastKnownFileType = sourcecode.swift; name = DataService.swift; path = ../../Carpooling/DataService.swift; sourceTree = "<group>"; };
		1063A9EA1CF3A72600BFB4E0 /* CreateNewAccountViewController.swift */ = {isa = PBXFileReference; fileEncoding = 4; lastKnownFileType = sourcecode.swift; name = CreateNewAccountViewController.swift; path = ../../Carpooling/Carpooling/CreateNewAccountViewController.swift; sourceTree = "<group>"; };
		1063A9EB1CF3A72600BFB4E0 /* ForgotPasswordViewController.swift */ = {isa = PBXFileReference; fileEncoding = 4; lastKnownFileType = sourcecode.swift; name = ForgotPasswordViewController.swift; path = ../../Carpooling/Carpooling/ForgotPasswordViewController.swift; sourceTree = "<group>"; };
		1063A9EC1CF3A72600BFB4E0 /* LoginViewController.swift */ = {isa = PBXFileReference; fileEncoding = 4; lastKnownFileType = sourcecode.swift; name = LoginViewController.swift; path = ../../Carpooling/Carpooling/LoginViewController.swift; sourceTree = "<group>"; };
		1063A9F21CF3B10400BFB4E0 /* PostTableViewCell.swift */ = {isa = PBXFileReference; fileEncoding = 4; lastKnownFileType = sourcecode.swift; name = PostTableViewCell.swift; path = ../../Carpooling/Carpooling/PostTableViewCell.swift; sourceTree = "<group>"; };
		1063A9F41CF3B1DB00BFB4E0 /* Book.swift */ = {isa = PBXFileReference; fileEncoding = 4; lastKnownFileType = sourcecode.swift; path = Book.swift; sourceTree = "<group>"; };
		1063A9F61CF3B1EF00BFB4E0 /* User.swift */ = {isa = PBXFileReference; fileEncoding = 4; lastKnownFileType = sourcecode.swift; path = User.swift; sourceTree = "<group>"; };
		1063A9FA1CF3C66200BFB4E0 /* buyBooks-Bridging-Header.h */ = {isa = PBXFileReference; lastKnownFileType = sourcecode.c.h; path = "buyBooks-Bridging-Header.h"; sourceTree = SOURCE_ROOT; };
		10B91E111CF3CDBD005D19B3 /* Firebase.h */ = {isa = PBXFileReference; lastKnownFileType = sourcecode.c.h; path = Firebase.h; sourceTree = "<group>"; };
		10B91E121CF3CDD3005D19B3 /* module.modulemap */ = {isa = PBXFileReference; lastKnownFileType = "sourcecode.module-map"; path = module.modulemap; sourceTree = "<group>"; };
		10C6E6F91CF65BC3007BFF69 /* MyBooksViewController.swift */ = {isa = PBXFileReference; fileEncoding = 4; lastKnownFileType = sourcecode.swift; path = MyBooksViewController.swift; sourceTree = "<group>"; };
		10C6E6FB1CF65C55007BFF69 /* MyBooksViewCell.swift */ = {isa = PBXFileReference; fileEncoding = 4; lastKnownFileType = sourcecode.swift; path = MyBooksViewCell.swift; sourceTree = "<group>"; };
		10C6E6FD1CF670A2007BFF69 /* EditBooksViewController.swift */ = {isa = PBXFileReference; fileEncoding = 4; lastKnownFileType = sourcecode.swift; path = EditBooksViewController.swift; sourceTree = "<group>"; };
		10C6E7021CF79FEF007BFF69 /* BarcodeScannerViewController.swift */ = {isa = PBXFileReference; fileEncoding = 4; lastKnownFileType = sourcecode.swift; path = BarcodeScannerViewController.swift; sourceTree = "<group>"; };
		10C6E7041CF7A907007BFF69 /* NetworkService.swift */ = {isa = PBXFileReference; fileEncoding = 4; lastKnownFileType = sourcecode.swift; path = NetworkService.swift; sourceTree = "<group>"; };
		10E2FD3F1CF3D21900B6EAE0 /* buyBooks.app */ = {isa = PBXFileReference; explicitFileType = wrapper.application; includeInIndex = 0; path = buyBooks.app; sourceTree = BUILT_PRODUCTS_DIR; };
		10E2FD401CF3DA7300B6EAE0 /* GoogleService-Info.plist */ = {isa = PBXFileReference; fileEncoding = 4; lastKnownFileType = text.plist.xml; path = "GoogleService-Info.plist"; sourceTree = "<group>"; };
		10E2FD441CF3DCA700B6EAE0 /* SellBooksViewController.swift */ = {isa = PBXFileReference; fileEncoding = 4; lastKnownFileType = sourcecode.swift; path = SellBooksViewController.swift; sourceTree = "<group>"; };
		40AF727BB302E4406D9693F7 /* libPods-buyBooks.a */ = {isa = PBXFileReference; explicitFileType = archive.ar; includeInIndex = 0; path = "libPods-buyBooks.a"; sourceTree = BUILT_PRODUCTS_DIR; };
		A496016CBABC8B84555D241A /* Pods-buyBooks.release.xcconfig */ = {isa = PBXFileReference; includeInIndex = 1; lastKnownFileType = text.xcconfig; name = "Pods-buyBooks.release.xcconfig"; path = "Pods/Target Support Files/Pods-buyBooks/Pods-buyBooks.release.xcconfig"; sourceTree = "<group>"; };
/* End PBXFileReference section */

/* Begin PBXFrameworksBuildPhase section */
		1063A9BF1CF3A67500BFB4E0 /* Frameworks */ = {
			isa = PBXFrameworksBuildPhase;
			buildActionMask = 2147483647;
			files = (
				344F72721272BDEA70598AFD /* libPods-buyBooks.a in Frameworks */,
			);
			runOnlyForDeploymentPostprocessing = 0;
		};
/* End PBXFrameworksBuildPhase section */

/* Begin PBXGroup section */
		096C3B1E53E3F3FDA579203F /* Frameworks */ = {
			isa = PBXGroup;
			children = (
				40AF727BB302E4406D9693F7 /* libPods-buyBooks.a */,
			);
			name = Frameworks;
			sourceTree = "<group>";
		};
		1063A9B91CF3A67500BFB4E0 = {
			isa = PBXGroup;
			children = (
				1063A9C41CF3A67500BFB4E0 /* buyBooks */,
				ED97D7F9542E3B60A031376C /* Pods */,
				096C3B1E53E3F3FDA579203F /* Frameworks */,
				10E2FD3F1CF3D21900B6EAE0 /* buyBooks.app */,
			);
			sourceTree = "<group>";
		};
		1063A9C41CF3A67500BFB4E0 /* buyBooks */ = {
			isa = PBXGroup;
			children = (
				1063A9E41CF3A6EB00BFB4E0 /* DataService.swift */,
				1063A9C91CF3A67500BFB4E0 /* Main.storyboard */,
				10C6E7021CF79FEF007BFF69 /* BarcodeScannerViewController.swift */,
				10C6E7041CF7A907007BFF69 /* NetworkService.swift */,
				10E2FD441CF3DCA700B6EAE0 /* SellBooksViewController.swift */,
				10E2FD431CF3DAA900B6EAE0 /* Supporting Files */,
				1063A9CC1CF3A67500BFB4E0 /* Assets.xcassets */,
				10E2FD421CF3DA9200B6EAE0 /* MainPAge */,
				1063A9F11CF3B07100BFB4E0 /* Model */,
				1063A9F01CF3B05D00BFB4E0 /* Login */,
			);
			path = buyBooks;
			sourceTree = "<group>";
		};
		1063A9F01CF3B05D00BFB4E0 /* Login */ = {
			isa = PBXGroup;
			children = (
				1063A9EA1CF3A72600BFB4E0 /* CreateNewAccountViewController.swift */,
				1063A9EB1CF3A72600BFB4E0 /* ForgotPasswordViewController.swift */,
				1063A9EC1CF3A72600BFB4E0 /* LoginViewController.swift */,
			);
			name = Login;
			sourceTree = "<group>";
		};
		1063A9F11CF3B07100BFB4E0 /* Model */ = {
			isa = PBXGroup;
			children = (
				1063A9F41CF3B1DB00BFB4E0 /* Book.swift */,
				1063A9F61CF3B1EF00BFB4E0 /* User.swift */,
			);
			name = Model;
			sourceTree = "<group>";
		};
		10C6E6FF1CF67278007BFF69 /* edit selected book */ = {
			isa = PBXGroup;
			children = (
				10C6E6FD1CF670A2007BFF69 /* EditBooksViewController.swift */,
			);
			name = "edit selected book";
			sourceTree = "<group>";
		};
		10C6E7001CF6751E007BFF69 /* view my books */ = {
			isa = PBXGroup;
			children = (
				10C6E6FF1CF67278007BFF69 /* edit selected book */,
				10C6E6F91CF65BC3007BFF69 /* MyBooksViewController.swift */,
				10C6E6FB1CF65C55007BFF69 /* MyBooksViewCell.swift */,
			);
			name = "view my books";
			sourceTree = "<group>";
		};
		10C6E7011CF6752C007BFF69 /* view all books */ = {
			isa = PBXGroup;
			children = (
				1063A9C71CF3A67500BFB4E0 /* HomeViewController.swift */,
				1063A9F21CF3B10400BFB4E0 /* PostTableViewCell.swift */,
			);
			name = "view all books";
			sourceTree = "<group>";
		};
		10E2FD421CF3DA9200B6EAE0 /* MainPAge */ = {
			isa = PBXGroup;
			children = (
				10C6E7011CF6752C007BFF69 /* view all books */,
				10C6E7001CF6751E007BFF69 /* view my books */,
			);
			name = MainPAge;
			sourceTree = "<group>";
		};
		10E2FD431CF3DAA900B6EAE0 /* Supporting Files */ = {
			isa = PBXGroup;
			children = (
				1063A9C51CF3A67500BFB4E0 /* AppDelegate.swift */,
				10E2FD401CF3DA7300B6EAE0 /* GoogleService-Info.plist */,
				10B91E111CF3CDBD005D19B3 /* Firebase.h */,
				1063A9D11CF3A67500BFB4E0 /* Info.plist */,
				1063A9CE1CF3A67500BFB4E0 /* LaunchScreen.storyboard */,
				10B91E121CF3CDD3005D19B3 /* module.modulemap */,
				1063A9FA1CF3C66200BFB4E0 /* buyBooks-Bridging-Header.h */,
			);
			name = "Supporting Files";
			sourceTree = "<group>";
		};
		ED97D7F9542E3B60A031376C /* Pods */ = {
			isa = PBXGroup;
			children = (
				02ADF71089E9F04C8FDACE96 /* Pods-buyBooks.debug.xcconfig */,
				A496016CBABC8B84555D241A /* Pods-buyBooks.release.xcconfig */,
			);
			name = Pods;
			sourceTree = "<group>";
		};
/* End PBXGroup section */

/* Begin PBXNativeTarget section */
		1063A9C11CF3A67500BFB4E0 /* buyBooks */ = {
			isa = PBXNativeTarget;
			buildConfigurationList = 1063A9D41CF3A67500BFB4E0 /* Build configuration list for PBXNativeTarget "buyBooks" */;
			buildPhases = (
				581610CABF5EC075B3CFC3F8 /* Check Pods Manifest.lock */,
				1063A9BE1CF3A67500BFB4E0 /* Sources */,
				1063A9BF1CF3A67500BFB4E0 /* Frameworks */,
				1063A9C01CF3A67500BFB4E0 /* Resources */,
				1B804533AC5640DCC16FF9A6 /* Embed Pods Frameworks */,
				09EDC84E988B6DBF066112B1 /* Copy Pods Resources */,
			);
			buildRules = (
			);
			dependencies = (
			);
			name = buyBooks;
			productName = buyBooks;
			productReference = 10E2FD3F1CF3D21900B6EAE0 /* buyBooks.app */;
			productType = "com.apple.product-type.application";
		};
/* End PBXNativeTarget section */

/* Begin PBXProject section */
		1063A9BA1CF3A67500BFB4E0 /* Project object */ = {
			isa = PBXProject;
			attributes = {
				LastSwiftUpdateCheck = 0730;
				LastUpgradeCheck = 0730;
				ORGANIZATIONNAME = www.ssanjay.com;
				TargetAttributes = {
					1063A9C11CF3A67500BFB4E0 = {
						CreatedOnToolsVersion = 7.3.1;
					};
				};
			};
			buildConfigurationList = 1063A9BD1CF3A67500BFB4E0 /* Build configuration list for PBXProject "buyBooks" */;
			compatibilityVersion = "Xcode 3.2";
			developmentRegion = English;
			hasScannedForEncodings = 0;
			knownRegions = (
				en,
				Base,
			);
			mainGroup = 1063A9B91CF3A67500BFB4E0;
			productRefGroup = 1063A9B91CF3A67500BFB4E0;
			projectDirPath = "";
			projectRoot = "";
			targets = (
				1063A9C11CF3A67500BFB4E0 /* buyBooks */,
			);
		};
/* End PBXProject section */

/* Begin PBXResourcesBuildPhase section */
		1063A9C01CF3A67500BFB4E0 /* Resources */ = {
			isa = PBXResourcesBuildPhase;
			buildActionMask = 2147483647;
			files = (
				1063A9D01CF3A67500BFB4E0 /* LaunchScreen.storyboard in Resources */,
				10E2FD411CF3DA7300B6EAE0 /* GoogleService-Info.plist in Resources */,
				1063A9CD1CF3A67500BFB4E0 /* Assets.xcassets in Resources */,
				1063A9CB1CF3A67500BFB4E0 /* Main.storyboard in Resources */,
			);
			runOnlyForDeploymentPostprocessing = 0;
		};
/* End PBXResourcesBuildPhase section */

/* Begin PBXShellScriptBuildPhase section */
		09EDC84E988B6DBF066112B1 /* Copy Pods Resources */ = {
			isa = PBXShellScriptBuildPhase;
			buildActionMask = 2147483647;
			files = (
			);
			inputPaths = (
			);
			name = "Copy Pods Resources";
			outputPaths = (
			);
			runOnlyForDeploymentPostprocessing = 0;
			shellPath = /bin/sh;
			shellScript = "\"${SRCROOT}/Pods/Target Support Files/Pods-buyBooks/Pods-buyBooks-resources.sh\"\n";
			showEnvVarsInLog = 0;
		};
		1B804533AC5640DCC16FF9A6 /* Embed Pods Frameworks */ = {
			isa = PBXShellScriptBuildPhase;
			buildActionMask = 2147483647;
			files = (
			);
			inputPaths = (
			);
			name = "Embed Pods Frameworks";
			outputPaths = (
			);
			runOnlyForDeploymentPostprocessing = 0;
			shellPath = /bin/sh;
			shellScript = "\"${SRCROOT}/Pods/Target Support Files/Pods-buyBooks/Pods-buyBooks-frameworks.sh\"\n";
			showEnvVarsInLog = 0;
		};
		581610CABF5EC075B3CFC3F8 /* Check Pods Manifest.lock */ = {
			isa = PBXShellScriptBuildPhase;
			buildActionMask = 2147483647;
			files = (
			);
			inputPaths = (
			);
			name = "Check Pods Manifest.lock";
			outputPaths = (
			);
			runOnlyForDeploymentPostprocessing = 0;
			shellPath = /bin/sh;
			shellScript = "diff \"${PODS_ROOT}/../Podfile.lock\" \"${PODS_ROOT}/Manifest.lock\" > /dev/null\nif [[ $? != 0 ]] ; then\n    cat << EOM\nerror: The sandbox is not in sync with the Podfile.lock. Run 'pod install' or update your CocoaPods installation.\nEOM\n    exit 1\nfi\n";
			showEnvVarsInLog = 0;
		};
/* End PBXShellScriptBuildPhase section */

/* Begin PBXSourcesBuildPhase section */
		1063A9BE1CF3A67500BFB4E0 /* Sources */ = {
			isa = PBXSourcesBuildPhase;
			buildActionMask = 2147483647;
			files = (
				1063A9EE1CF3A72600BFB4E0 /* ForgotPasswordViewController.swift in Sources */,
				1063A9ED1CF3A72600BFB4E0 /* CreateNewAccountViewController.swift in Sources */,
				1063A9EF1CF3A72600BFB4E0 /* LoginViewController.swift in Sources */,
				10C6E6FC1CF65C55007BFF69 /* MyBooksViewCell.swift in Sources */,
				1063A9E51CF3A6EB00BFB4E0 /* DataService.swift in Sources */,
				1063A9C81CF3A67500BFB4E0 /* HomeViewController.swift in Sources */,
				10E2FD451CF3DCA700B6EAE0 /* SellBooksViewController.swift in Sources */,
				1063A9F31CF3B10400BFB4E0 /* PostTableViewCell.swift in Sources */,
				1063A9F51CF3B1DB00BFB4E0 /* Book.swift in Sources */,
				10C6E7031CF79FEF007BFF69 /* BarcodeScannerViewController.swift in Sources */,
				10C6E7051CF7A907007BFF69 /* NetworkService.swift in Sources */,
				10C6E6FA1CF65BC3007BFF69 /* MyBooksViewController.swift in Sources */,
				1063A9C61CF3A67500BFB4E0 /* AppDelegate.swift in Sources */,
				10C6E6FE1CF670A2007BFF69 /* EditBooksViewController.swift in Sources */,
				1063A9F71CF3B1EF00BFB4E0 /* User.swift in Sources */,
			);
			runOnlyForDeploymentPostprocessing = 0;
		};
/* End PBXSourcesBuildPhase section */

/* Begin PBXVariantGroup section */
		1063A9C91CF3A67500BFB4E0 /* Main.storyboard */ = {
			isa = PBXVariantGroup;
			children = (
				1063A9CA1CF3A67500BFB4E0 /* Base */,
			);
			name = Main.storyboard;
			sourceTree = "<group>";
		};
		1063A9CE1CF3A67500BFB4E0 /* LaunchScreen.storyboard */ = {
			isa = PBXVariantGroup;
			children = (
				1063A9CF1CF3A67500BFB4E0 /* Base */,
			);
			name = LaunchScreen.storyboard;
			sourceTree = "<group>";
		};
/* End PBXVariantGroup section */

/* Begin XCBuildConfiguration section */
		1063A9D21CF3A67500BFB4E0 /* Debug */ = {
			isa = XCBuildConfiguration;
			buildSettings = {
				ALWAYS_SEARCH_USER_PATHS = NO;
				CLANG_ANALYZER_NONNULL = YES;
				CLANG_CXX_LANGUAGE_STANDARD = "gnu++0x";
				CLANG_CXX_LIBRARY = "libc++";
				CLANG_ENABLE_MODULES = YES;
				CLANG_ENABLE_OBJC_ARC = YES;
				CLANG_WARN_BOOL_CONVERSION = YES;
				CLANG_WARN_CONSTANT_CONVERSION = YES;
				CLANG_WARN_DIRECT_OBJC_ISA_USAGE = YES_ERROR;
				CLANG_WARN_EMPTY_BODY = YES;
				CLANG_WARN_ENUM_CONVERSION = YES;
				CLANG_WARN_INT_CONVERSION = YES;
				CLANG_WARN_OBJC_ROOT_CLASS = YES_ERROR;
				CLANG_WARN_UNREACHABLE_CODE = YES;
				CLANG_WARN__DUPLICATE_METHOD_MATCH = YES;
				"CODE_SIGN_IDENTITY[sdk=iphoneos*]" = "iPhone Developer";
				COPY_PHASE_STRIP = NO;
				DEBUG_INFORMATION_FORMAT = dwarf;
				ENABLE_STRICT_OBJC_MSGSEND = YES;
				ENABLE_TESTABILITY = YES;
				GCC_C_LANGUAGE_STANDARD = gnu99;
				GCC_DYNAMIC_NO_PIC = NO;
				GCC_NO_COMMON_BLOCKS = YES;
				GCC_OPTIMIZATION_LEVEL = 0;
				GCC_PREPROCESSOR_DEFINITIONS = (
					"DEBUG=1",
					"$(inherited)",
				);
				GCC_WARN_64_TO_32_BIT_CONVERSION = YES;
				GCC_WARN_ABOUT_RETURN_TYPE = YES_ERROR;
				GCC_WARN_UNDECLARED_SELECTOR = YES;
				GCC_WARN_UNINITIALIZED_AUTOS = YES_AGGRESSIVE;
				GCC_WARN_UNUSED_FUNCTION = YES;
				GCC_WARN_UNUSED_VARIABLE = YES;
				IPHONEOS_DEPLOYMENT_TARGET = 9.3;
				MTL_ENABLE_DEBUG_INFO = YES;
				ONLY_ACTIVE_ARCH = YES;
				SDKROOT = iphoneos;
				SWIFT_OPTIMIZATION_LEVEL = "-Onone";
			};
			name = Debug;
		};
		1063A9D31CF3A67500BFB4E0 /* Release */ = {
			isa = XCBuildConfiguration;
			buildSettings = {
				ALWAYS_SEARCH_USER_PATHS = NO;
				CLANG_ANALYZER_NONNULL = YES;
				CLANG_CXX_LANGUAGE_STANDARD = "gnu++0x";
				CLANG_CXX_LIBRARY = "libc++";
				CLANG_ENABLE_MODULES = YES;
				CLANG_ENABLE_OBJC_ARC = YES;
				CLANG_WARN_BOOL_CONVERSION = YES;
				CLANG_WARN_CONSTANT_CONVERSION = YES;
				CLANG_WARN_DIRECT_OBJC_ISA_USAGE = YES_ERROR;
				CLANG_WARN_EMPTY_BODY = YES;
				CLANG_WARN_ENUM_CONVERSION = YES;
				CLANG_WARN_INT_CONVERSION = YES;
				CLANG_WARN_OBJC_ROOT_CLASS = YES_ERROR;
				CLANG_WARN_UNREACHABLE_CODE = YES;
				CLANG_WARN__DUPLICATE_METHOD_MATCH = YES;
				"CODE_SIGN_IDENTITY[sdk=iphoneos*]" = "iPhone Developer";
				COPY_PHASE_STRIP = NO;
				DEBUG_INFORMATION_FORMAT = "dwarf-with-dsym";
				ENABLE_NS_ASSERTIONS = NO;
				ENABLE_STRICT_OBJC_MSGSEND = YES;
				GCC_C_LANGUAGE_STANDARD = gnu99;
				GCC_NO_COMMON_BLOCKS = YES;
				GCC_WARN_64_TO_32_BIT_CONVERSION = YES;
				GCC_WARN_ABOUT_RETURN_TYPE = YES_ERROR;
				GCC_WARN_UNDECLARED_SELECTOR = YES;
				GCC_WARN_UNINITIALIZED_AUTOS = YES_AGGRESSIVE;
				GCC_WARN_UNUSED_FUNCTION = YES;
				GCC_WARN_UNUSED_VARIABLE = YES;
				IPHONEOS_DEPLOYMENT_TARGET = 9.3;
				MTL_ENABLE_DEBUG_INFO = NO;
				SDKROOT = iphoneos;
				VALIDATE_PRODUCT = YES;
			};
			name = Release;
		};
		1063A9D51CF3A67500BFB4E0 /* Debug */ = {
			isa = XCBuildConfiguration;
			baseConfigurationReference = 02ADF71089E9F04C8FDACE96 /* Pods-buyBooks.debug.xcconfig */;
			buildSettings = {
				ASSETCATALOG_COMPILER_APPICON_NAME = AppIcon;
				FRAMEWORK_SEARCH_PATHS = (
					"$(PROJECT_DIR)",
					"$(inherited)",
				);
				INFOPLIST_FILE = buyBooks/Info.plist;
				LD_RUNPATH_SEARCH_PATHS = "$(inherited) @executable_path/Frameworks";
				PRODUCT_BUNDLE_IDENTIFIER = "St-Marys.buyBooks";
				PRODUCT_NAME = "$(TARGET_NAME)";
				STRIPFLAGS = "-ObjC flag";
			};
			name = Debug;
		};
		1063A9D61CF3A67500BFB4E0 /* Release */ = {
			isa = XCBuildConfiguration;
			baseConfigurationReference = A496016CBABC8B84555D241A /* Pods-buyBooks.release.xcconfig */;
			buildSettings = {
				ASSETCATALOG_COMPILER_APPICON_NAME = AppIcon;
				FRAMEWORK_SEARCH_PATHS = (
					"$(PROJECT_DIR)",
					"$(inherited)",
				);
				INFOPLIST_FILE = buyBooks/Info.plist;
				LD_RUNPATH_SEARCH_PATHS = "$(inherited) @executable_path/Frameworks";
				PRODUCT_BUNDLE_IDENTIFIER = "St-Marys.buyBooks";
				PRODUCT_NAME = "$(TARGET_NAME)";
				STRIPFLAGS = "-ObjC flag";
			};
			name = Release;
		};
/* End XCBuildConfiguration section */

/* Begin XCConfigurationList section */
		1063A9BD1CF3A67500BFB4E0 /* Build configuration list for PBXProject "buyBooks" */ = {
			isa = XCConfigurationList;
			buildConfigurations = (
				1063A9D21CF3A67500BFB4E0 /* Debug */,
				1063A9D31CF3A67500BFB4E0 /* Release */,
			);
			defaultConfigurationIsVisible = 0;
			defaultConfigurationName = Release;
		};
		1063A9D41CF3A67500BFB4E0 /* Build configuration list for PBXNativeTarget "buyBooks" */ = {
			isa = XCConfigurationList;
			buildConfigurations = (
				1063A9D51CF3A67500BFB4E0 /* Debug */,
				1063A9D61CF3A67500BFB4E0 /* Release */,
			);
			defaultConfigurationIsVisible = 0;
			defaultConfigurationName = Release;
		};
/* End XCConfigurationList section */
	};
	rootObject = 1063A9BA1CF3A67500BFB4E0 /* Project object */;
}
