// !$*UTF8*$!
{
	archiveVersion = 1;
	classes = {
	};
	objectVersion = 46;
	objects = {

/* Begin PBXBuildFile section */
		1006FE041D0168570015A206 /* Keytin-Light.ttf in Resources */ = {isa = PBXBuildFile; fileRef = 1006FE021D0166C00015A206 /* Keytin-Light.ttf */; };
		1006FE071D0169EC0015A206 /* OstrichSans-Light.otf in Resources */ = {isa = PBXBuildFile; fileRef = 1006FE061D0169BC0015A206 /* OstrichSans-Light.otf */; };
		1006FE081D0169EC0015A206 /* ostrich-regular.ttf in Resources */ = {isa = PBXBuildFile; fileRef = 1006FE051D01699F0015A206 /* ostrich-regular.ttf */; };
		102C91241D0778FF00D5B9F1 /* SettingsViewController.swift in Sources */ = {isa = PBXBuildFile; fileRef = 102C91231D0778FF00D5B9F1 /* SettingsViewController.swift */; };
		102C91261D07808D00D5B9F1 /* AboutViewController.swift in Sources */ = {isa = PBXBuildFile; fileRef = 102C91251D07808D00D5B9F1 /* AboutViewController.swift */; };
		102C91281D07809A00D5B9F1 /* EditProfileViewController.swift in Sources */ = {isa = PBXBuildFile; fileRef = 102C91271D07809A00D5B9F1 /* EditProfileViewController.swift */; };
		1039F4FC1CFEA14E0012C2C6 /* ViewDetailOfBooksOnSaleViewController.swift in Sources */ = {isa = PBXBuildFile; fileRef = 1039F4FB1CFEA14E0012C2C6 /* ViewDetailOfBooksOnSaleViewController.swift */; };
		1039F4FE1CFEABB00012C2C6 /* CustomViewIBDesignable.swift in Sources */ = {isa = PBXBuildFile; fileRef = 1039F4FD1CFEABB00012C2C6 /* CustomViewIBDesignable.swift */; };
		1063A9C61CF3A67500BFB4E0 /* AppDelegate.swift in Sources */ = {isa = PBXBuildFile; fileRef = 1063A9C51CF3A67500BFB4E0 /* AppDelegate.swift */; };
		1063A9C81CF3A67500BFB4E0 /* HomeViewController.swift in Sources */ = {isa = PBXBuildFile; fileRef = 1063A9C71CF3A67500BFB4E0 /* HomeViewController.swift */; };
		1063A9CB1CF3A67500BFB4E0 /* Main.storyboard in Resources */ = {isa = PBXBuildFile; fileRef = 1063A9C91CF3A67500BFB4E0 /* Main.storyboard */; };
		1063A9CD1CF3A67500BFB4E0 /* Assets.xcassets in Resources */ = {isa = PBXBuildFile; fileRef = 1063A9CC1CF3A67500BFB4E0 /* Assets.xcassets */; };
		1063A9D01CF3A67500BFB4E0 /* LaunchScreen.storyboard in Resources */ = {isa = PBXBuildFile; fileRef = 1063A9CE1CF3A67500BFB4E0 /* LaunchScreen.storyboard */; };
		1063A9F51CF3B1DB00BFB4E0 /* Book.swift in Sources */ = {isa = PBXBuildFile; fileRef = 1063A9F41CF3B1DB00BFB4E0 /* Book.swift */; };
		1063A9F71CF3B1EF00BFB4E0 /* User.swift in Sources */ = {isa = PBXBuildFile; fileRef = 1063A9F61CF3B1EF00BFB4E0 /* User.swift */; };
		107D794E1D022CE200661B91 /* FBSDKCoreKit.framework in Frameworks */ = {isa = PBXBuildFile; fileRef = 107D794B1D022CE200661B91 /* FBSDKCoreKit.framework */; };
		107D794F1D022CE200661B91 /* FBSDKLoginKit.framework in Frameworks */ = {isa = PBXBuildFile; fileRef = 107D794C1D022CE200661B91 /* FBSDKLoginKit.framework */; };
		107D79501D022CE200661B91 /* FBSDKShareKit.framework in Frameworks */ = {isa = PBXBuildFile; fileRef = 107D794D1D022CE200661B91 /* FBSDKShareKit.framework */; };
		108C816E1D1A4C5B006D903F /* PrivacyPolicyViewController.swift in Sources */ = {isa = PBXBuildFile; fileRef = 108C816D1D1A4C5B006D903F /* PrivacyPolicyViewController.swift */; };
		10AEB4D61CFF96850037E744 /* UIImageView+Letters.m in Sources */ = {isa = PBXBuildFile; fileRef = 10AEB4D51CFF96850037E744 /* UIImageView+Letters.m */; };
		10BF5F881D2C4AFA00F7D621 /* ImageLoadingWithCache.swift in Sources */ = {isa = PBXBuildFile; fileRef = 10BF5F871D2C4AFA00F7D621 /* ImageLoadingWithCache.swift */; };
		10C6E6FA1CF65BC3007BFF69 /* MyBooksViewController.swift in Sources */ = {isa = PBXBuildFile; fileRef = 10C6E6F91CF65BC3007BFF69 /* MyBooksViewController.swift */; };
		10C6E6FC1CF65C55007BFF69 /* MyBooksViewCell.swift in Sources */ = {isa = PBXBuildFile; fileRef = 10C6E6FB1CF65C55007BFF69 /* MyBooksViewCell.swift */; };
		10C6E6FE1CF670A2007BFF69 /* EditBooksViewController.swift in Sources */ = {isa = PBXBuildFile; fileRef = 10C6E6FD1CF670A2007BFF69 /* EditBooksViewController.swift */; };
		10C6E7031CF79FEF007BFF69 /* BarcodeScannerViewController.swift in Sources */ = {isa = PBXBuildFile; fileRef = 10C6E7021CF79FEF007BFF69 /* BarcodeScannerViewController.swift */; };
		10C6E7071CF8DEC3007BFF69 /* CreatePostMethodSelectionVIewController.swift in Sources */ = {isa = PBXBuildFile; fileRef = 10C6E7061CF8DEC3007BFF69 /* CreatePostMethodSelectionVIewController.swift */; };
		10C6E7091CF8EA18007BFF69 /* PresentSearchResultsViewController.swift in Sources */ = {isa = PBXBuildFile; fileRef = 10C6E7081CF8EA18007BFF69 /* PresentSearchResultsViewController.swift */; };
		10CBFC201D1DCD98009DB78B /* GoogleService-Info.plist in Resources */ = {isa = PBXBuildFile; fileRef = 10CBFC1F1D1DCD98009DB78B /* GoogleService-Info.plist */; };
		10D0FFF31D063EBC00726041 /* SF-UI-Text-Regular.otf in Resources */ = {isa = PBXBuildFile; fileRef = 10D0FFEE1D0627EB00726041 /* SF-UI-Text-Regular.otf */; };
		10D0FFF71D063ECD00726041 /* SF-UI-Text-Light.otf in Resources */ = {isa = PBXBuildFile; fileRef = 10D0FFEF1D06280100726041 /* SF-UI-Text-Light.otf */; };
		10DA6EDE1CFCF88300D64DB2 /* SetPriceAndConditionFromSearchViewController.swift in Sources */ = {isa = PBXBuildFile; fileRef = 10DA6EDD1CFCF88300D64DB2 /* SetPriceAndConditionFromSearchViewController.swift */; };
		10DA6EE01CFD07AA00D64DB2 /* FinalConfirmationBeforePostViewController.swift in Sources */ = {isa = PBXBuildFile; fileRef = 10DA6EDF1CFD07AA00D64DB2 /* FinalConfirmationBeforePostViewController.swift */; };
		10DA6EE21CFD5BFE00D64DB2 /* ForgotPasswordViewController 2.swift in Sources */ = {isa = PBXBuildFile; fileRef = 10DA6EE11CFD5BFE00D64DB2 /* ForgotPasswordViewController 2.swift */; };
		10DA6EE41CFD5C1000D64DB2 /* LoginViewController.swift in Sources */ = {isa = PBXBuildFile; fileRef = 10DA6EE31CFD5C1000D64DB2 /* LoginViewController.swift */; };
		10DA6EE61CFD5C1600D64DB2 /* CreateNewAccountViewController.swift in Sources */ = {isa = PBXBuildFile; fileRef = 10DA6EE51CFD5C1600D64DB2 /* CreateNewAccountViewController.swift */; };
		10DA6EE81CFD5C3C00D64DB2 /* PostTableViewCell.swift in Sources */ = {isa = PBXBuildFile; fileRef = 10DA6EE71CFD5C3C00D64DB2 /* PostTableViewCell.swift */; };
		10DA6EEA1CFD5DFD00D64DB2 /* SellBySearchingISBNViewController.swift in Sources */ = {isa = PBXBuildFile; fileRef = 10DA6EE91CFD5DFD00D64DB2 /* SellBySearchingISBNViewController.swift */; };
		10E2FD451CF3DCA700B6EAE0 /* SellBooksViewController.swift in Sources */ = {isa = PBXBuildFile; fileRef = 10E2FD441CF3DCA700B6EAE0 /* SellBooksViewController.swift */; };
		10E68C661D0DD37A007FFD83 /* OpenSans-Bold.ttf in Resources */ = {isa = PBXBuildFile; fileRef = 10E68C5C1D0DD366007FFD83 /* OpenSans-Bold.ttf */; };
		10E68C671D0DD37A007FFD83 /* OpenSans-BoldItalic.ttf in Resources */ = {isa = PBXBuildFile; fileRef = 10E68C5D1D0DD366007FFD83 /* OpenSans-BoldItalic.ttf */; };
		10E68C681D0DD37A007FFD83 /* OpenSans-ExtraBold.ttf in Resources */ = {isa = PBXBuildFile; fileRef = 10E68C5E1D0DD366007FFD83 /* OpenSans-ExtraBold.ttf */; };
		10E68C691D0DD37A007FFD83 /* OpenSans-ExtraBoldItalic.ttf in Resources */ = {isa = PBXBuildFile; fileRef = 10E68C5F1D0DD366007FFD83 /* OpenSans-ExtraBoldItalic.ttf */; };
		10E68C6A1D0DD37A007FFD83 /* OpenSans-Italic.ttf in Resources */ = {isa = PBXBuildFile; fileRef = 10E68C601D0DD366007FFD83 /* OpenSans-Italic.ttf */; };
		10E68C6B1D0DD37A007FFD83 /* OpenSans-Light.ttf in Resources */ = {isa = PBXBuildFile; fileRef = 10E68C611D0DD366007FFD83 /* OpenSans-Light.ttf */; };
		10E68C6C1D0DD37A007FFD83 /* OpenSans-LightItalic.ttf in Resources */ = {isa = PBXBuildFile; fileRef = 10E68C621D0DD366007FFD83 /* OpenSans-LightItalic.ttf */; };
		10E68C6D1D0DD37A007FFD83 /* OpenSans-Regular.ttf in Resources */ = {isa = PBXBuildFile; fileRef = 10E68C631D0DD366007FFD83 /* OpenSans-Regular.ttf */; };
		10E68C6E1D0DD37A007FFD83 /* OpenSans-Semibold.ttf in Resources */ = {isa = PBXBuildFile; fileRef = 10E68C641D0DD366007FFD83 /* OpenSans-Semibold.ttf */; };
		10E68C6F1D0DD37A007FFD83 /* OpenSans-SemiboldItalic.ttf in Resources */ = {isa = PBXBuildFile; fileRef = 10E68C651D0DD366007FFD83 /* OpenSans-SemiboldItalic.ttf */; };
		10F8E01F1D00D01800C944CD /* SearchTableViewController.swift in Sources */ = {isa = PBXBuildFile; fileRef = 10F8E01E1D00D01800C944CD /* SearchTableViewController.swift */; };
		10F8E0211D00DD7900C944CD /* DataHoldingTabBarViewController.swift in Sources */ = {isa = PBXBuildFile; fileRef = 10F8E0201D00DD7900C944CD /* DataHoldingTabBarViewController.swift */; };
		344F72721272BDEA70598AFD /* libPods-buyBooks.a in Frameworks */ = {isa = PBXBuildFile; fileRef = 40AF727BB302E4406D9693F7 /* libPods-buyBooks.a */; };
		924F0D711D0502F200F46D1F /* Nexa Bold.otf in Resources */ = {isa = PBXBuildFile; fileRef = 924F0D6F1D0502A000F46D1F /* Nexa Bold.otf */; };
		924F0D721D0502F200F46D1F /* Nexa Light.otf in Resources */ = {isa = PBXBuildFile; fileRef = 924F0D701D0502A000F46D1F /* Nexa Light.otf */; };
/* End PBXBuildFile section */

/* Begin PBXFileReference section */
		02ADF71089E9F04C8FDACE96 /* Pods-buyBooks.debug.xcconfig */ = {isa = PBXFileReference; includeInIndex = 1; lastKnownFileType = text.xcconfig; name = "Pods-buyBooks.debug.xcconfig"; path = "Pods/Target Support Files/Pods-buyBooks/Pods-buyBooks.debug.xcconfig"; sourceTree = "<group>"; };
		1006FE021D0166C00015A206 /* Keytin-Light.ttf */ = {isa = PBXFileReference; lastKnownFileType = file; path = "Keytin-Light.ttf"; sourceTree = "<group>"; };
		1006FE051D01699F0015A206 /* ostrich-regular.ttf */ = {isa = PBXFileReference; lastKnownFileType = file; path = "ostrich-regular.ttf"; sourceTree = "<group>"; };
		1006FE061D0169BC0015A206 /* OstrichSans-Light.otf */ = {isa = PBXFileReference; lastKnownFileType = file; path = "OstrichSans-Light.otf"; sourceTree = "<group>"; };
		102C91231D0778FF00D5B9F1 /* SettingsViewController.swift */ = {isa = PBXFileReference; fileEncoding = 4; lastKnownFileType = sourcecode.swift; path = SettingsViewController.swift; sourceTree = "<group>"; };
		102C91251D07808D00D5B9F1 /* AboutViewController.swift */ = {isa = PBXFileReference; fileEncoding = 4; lastKnownFileType = sourcecode.swift; path = AboutViewController.swift; sourceTree = "<group>"; };
		102C91271D07809A00D5B9F1 /* EditProfileViewController.swift */ = {isa = PBXFileReference; fileEncoding = 4; lastKnownFileType = sourcecode.swift; path = EditProfileViewController.swift; sourceTree = "<group>"; };
		1039F4FB1CFEA14E0012C2C6 /* ViewDetailOfBooksOnSaleViewController.swift */ = {isa = PBXFileReference; fileEncoding = 4; lastKnownFileType = sourcecode.swift; path = ViewDetailOfBooksOnSaleViewController.swift; sourceTree = "<group>"; };
		1039F4FD1CFEABB00012C2C6 /* CustomViewIBDesignable.swift */ = {isa = PBXFileReference; fileEncoding = 4; lastKnownFileType = sourcecode.swift; path = CustomViewIBDesignable.swift; sourceTree = "<group>"; };
		105330B61CFF9BB0000EC461 /* buyBooks-Bridging-Header.h */ = {isa = PBXFileReference; fileEncoding = 4; lastKnownFileType = sourcecode.c.h; path = "buyBooks-Bridging-Header.h"; sourceTree = "<group>"; };
		1054916F1D11FDAB0015FA54 /* buyBooks.app */ = {isa = PBXFileReference; explicitFileType = wrapper.application; includeInIndex = 0; path = buyBooks.app; sourceTree = BUILT_PRODUCTS_DIR; };
		1063A9C51CF3A67500BFB4E0 /* AppDelegate.swift */ = {isa = PBXFileReference; lastKnownFileType = sourcecode.swift; path = AppDelegate.swift; sourceTree = "<group>"; };
		1063A9C71CF3A67500BFB4E0 /* HomeViewController.swift */ = {isa = PBXFileReference; lastKnownFileType = sourcecode.swift; path = HomeViewController.swift; sourceTree = "<group>"; };
		1063A9CA1CF3A67500BFB4E0 /* Base */ = {isa = PBXFileReference; lastKnownFileType = file.storyboard; name = Base; path = Base.lproj/Main.storyboard; sourceTree = "<group>"; };
		1063A9CC1CF3A67500BFB4E0 /* Assets.xcassets */ = {isa = PBXFileReference; lastKnownFileType = folder.assetcatalog; path = Assets.xcassets; sourceTree = "<group>"; };
		1063A9CF1CF3A67500BFB4E0 /* Base */ = {isa = PBXFileReference; lastKnownFileType = file.storyboard; name = Base; path = Base.lproj/LaunchScreen.storyboard; sourceTree = "<group>"; };
		1063A9D11CF3A67500BFB4E0 /* Info.plist */ = {isa = PBXFileReference; lastKnownFileType = text.plist.xml; path = Info.plist; sourceTree = "<group>"; };
		1063A9F41CF3B1DB00BFB4E0 /* Book.swift */ = {isa = PBXFileReference; fileEncoding = 4; lastKnownFileType = sourcecode.swift; path = Book.swift; sourceTree = "<group>"; };
		1063A9F61CF3B1EF00BFB4E0 /* User.swift */ = {isa = PBXFileReference; fileEncoding = 4; lastKnownFileType = sourcecode.swift; path = User.swift; sourceTree = "<group>"; };
		107D794B1D022CE200661B91 /* FBSDKCoreKit.framework */ = {isa = PBXFileReference; lastKnownFileType = wrapper.framework; path = FBSDKCoreKit.framework; sourceTree = "<group>"; };
		107D794C1D022CE200661B91 /* FBSDKLoginKit.framework */ = {isa = PBXFileReference; lastKnownFileType = wrapper.framework; path = FBSDKLoginKit.framework; sourceTree = "<group>"; };
		107D794D1D022CE200661B91 /* FBSDKShareKit.framework */ = {isa = PBXFileReference; lastKnownFileType = wrapper.framework; path = FBSDKShareKit.framework; sourceTree = "<group>"; };
		108C816D1D1A4C5B006D903F /* PrivacyPolicyViewController.swift */ = {isa = PBXFileReference; fileEncoding = 4; lastKnownFileType = sourcecode.swift; path = PrivacyPolicyViewController.swift; sourceTree = "<group>"; };
		10AEB4D41CFF96850037E744 /* UIImageView+Letters.h */ = {isa = PBXFileReference; fileEncoding = 4; lastKnownFileType = sourcecode.c.h; path = "UIImageView+Letters.h"; sourceTree = "<group>"; };
		10AEB4D51CFF96850037E744 /* UIImageView+Letters.m */ = {isa = PBXFileReference; fileEncoding = 4; lastKnownFileType = sourcecode.c.objc; path = "UIImageView+Letters.m"; sourceTree = "<group>"; };
		10B91E111CF3CDBD005D19B3 /* Firebase.h */ = {isa = PBXFileReference; lastKnownFileType = sourcecode.c.h; path = Firebase.h; sourceTree = "<group>"; };
		10B91E121CF3CDD3005D19B3 /* module.modulemap */ = {isa = PBXFileReference; lastKnownFileType = "sourcecode.module-map"; path = module.modulemap; sourceTree = "<group>"; };
		10BF5F871D2C4AFA00F7D621 /* ImageLoadingWithCache.swift */ = {isa = PBXFileReference; fileEncoding = 4; lastKnownFileType = sourcecode.swift; path = ImageLoadingWithCache.swift; sourceTree = "<group>"; };
		10C6E6F91CF65BC3007BFF69 /* MyBooksViewController.swift */ = {isa = PBXFileReference; fileEncoding = 4; lastKnownFileType = sourcecode.swift; path = MyBooksViewController.swift; sourceTree = "<group>"; };
		10C6E6FB1CF65C55007BFF69 /* MyBooksViewCell.swift */ = {isa = PBXFileReference; fileEncoding = 4; lastKnownFileType = sourcecode.swift; path = MyBooksViewCell.swift; sourceTree = "<group>"; };
		10C6E6FD1CF670A2007BFF69 /* EditBooksViewController.swift */ = {isa = PBXFileReference; fileEncoding = 4; lastKnownFileType = sourcecode.swift; path = EditBooksViewController.swift; sourceTree = "<group>"; };
		10C6E7021CF79FEF007BFF69 /* BarcodeScannerViewController.swift */ = {isa = PBXFileReference; fileEncoding = 4; lastKnownFileType = sourcecode.swift; path = BarcodeScannerViewController.swift; sourceTree = "<group>"; };
		10C6E7061CF8DEC3007BFF69 /* CreatePostMethodSelectionVIewController.swift */ = {isa = PBXFileReference; fileEncoding = 4; lastKnownFileType = sourcecode.swift; path = CreatePostMethodSelectionVIewController.swift; sourceTree = "<group>"; };
		10C6E7081CF8EA18007BFF69 /* PresentSearchResultsViewController.swift */ = {isa = PBXFileReference; fileEncoding = 4; lastKnownFileType = sourcecode.swift; path = PresentSearchResultsViewController.swift; sourceTree = "<group>"; };
		10CBFC1F1D1DCD98009DB78B /* GoogleService-Info.plist */ = {isa = PBXFileReference; fileEncoding = 4; lastKnownFileType = text.plist.xml; path = "GoogleService-Info.plist"; sourceTree = "<group>"; };
		10D0FFEE1D0627EB00726041 /* SF-UI-Text-Regular.otf */ = {isa = PBXFileReference; lastKnownFileType = file; path = "SF-UI-Text-Regular.otf"; sourceTree = "<group>"; };
		10D0FFEF1D06280100726041 /* SF-UI-Text-Light.otf */ = {isa = PBXFileReference; lastKnownFileType = file; path = "SF-UI-Text-Light.otf"; sourceTree = "<group>"; };
		10DA6EDD1CFCF88300D64DB2 /* SetPriceAndConditionFromSearchViewController.swift */ = {isa = PBXFileReference; fileEncoding = 4; lastKnownFileType = sourcecode.swift; path = SetPriceAndConditionFromSearchViewController.swift; sourceTree = "<group>"; };
		10DA6EDF1CFD07AA00D64DB2 /* FinalConfirmationBeforePostViewController.swift */ = {isa = PBXFileReference; fileEncoding = 4; lastKnownFileType = sourcecode.swift; path = FinalConfirmationBeforePostViewController.swift; sourceTree = "<group>"; };
		10DA6EE11CFD5BFE00D64DB2 /* ForgotPasswordViewController 2.swift */ = {isa = PBXFileReference; fileEncoding = 4; lastKnownFileType = sourcecode.swift; path = "ForgotPasswordViewController 2.swift"; sourceTree = "<group>"; };
		10DA6EE31CFD5C1000D64DB2 /* LoginViewController.swift */ = {isa = PBXFileReference; fileEncoding = 4; lastKnownFileType = sourcecode.swift; path = LoginViewController.swift; sourceTree = "<group>"; };
		10DA6EE51CFD5C1600D64DB2 /* CreateNewAccountViewController.swift */ = {isa = PBXFileReference; fileEncoding = 4; lastKnownFileType = sourcecode.swift; path = CreateNewAccountViewController.swift; sourceTree = "<group>"; };
		10DA6EE71CFD5C3C00D64DB2 /* PostTableViewCell.swift */ = {isa = PBXFileReference; fileEncoding = 4; lastKnownFileType = sourcecode.swift; path = PostTableViewCell.swift; sourceTree = "<group>"; };
		10DA6EE91CFD5DFD00D64DB2 /* SellBySearchingISBNViewController.swift */ = {isa = PBXFileReference; fileEncoding = 4; lastKnownFileType = sourcecode.swift; path = SellBySearchingISBNViewController.swift; sourceTree = "<group>"; };
		10E2FD441CF3DCA700B6EAE0 /* SellBooksViewController.swift */ = {isa = PBXFileReference; fileEncoding = 4; lastKnownFileType = sourcecode.swift; path = SellBooksViewController.swift; sourceTree = "<group>"; };
		10E68C5C1D0DD366007FFD83 /* OpenSans-Bold.ttf */ = {isa = PBXFileReference; lastKnownFileType = file; path = "OpenSans-Bold.ttf"; sourceTree = "<group>"; };
		10E68C5D1D0DD366007FFD83 /* OpenSans-BoldItalic.ttf */ = {isa = PBXFileReference; lastKnownFileType = file; path = "OpenSans-BoldItalic.ttf"; sourceTree = "<group>"; };
		10E68C5E1D0DD366007FFD83 /* OpenSans-ExtraBold.ttf */ = {isa = PBXFileReference; lastKnownFileType = file; path = "OpenSans-ExtraBold.ttf"; sourceTree = "<group>"; };
		10E68C5F1D0DD366007FFD83 /* OpenSans-ExtraBoldItalic.ttf */ = {isa = PBXFileReference; lastKnownFileType = file; path = "OpenSans-ExtraBoldItalic.ttf"; sourceTree = "<group>"; };
		10E68C601D0DD366007FFD83 /* OpenSans-Italic.ttf */ = {isa = PBXFileReference; lastKnownFileType = file; path = "OpenSans-Italic.ttf"; sourceTree = "<group>"; };
		10E68C611D0DD366007FFD83 /* OpenSans-Light.ttf */ = {isa = PBXFileReference; lastKnownFileType = file; path = "OpenSans-Light.ttf"; sourceTree = "<group>"; };
		10E68C621D0DD366007FFD83 /* OpenSans-LightItalic.ttf */ = {isa = PBXFileReference; lastKnownFileType = file; path = "OpenSans-LightItalic.ttf"; sourceTree = "<group>"; };
		10E68C631D0DD366007FFD83 /* OpenSans-Regular.ttf */ = {isa = PBXFileReference; lastKnownFileType = file; path = "OpenSans-Regular.ttf"; sourceTree = "<group>"; };
		10E68C641D0DD366007FFD83 /* OpenSans-Semibold.ttf */ = {isa = PBXFileReference; lastKnownFileType = file; path = "OpenSans-Semibold.ttf"; sourceTree = "<group>"; };
		10E68C651D0DD366007FFD83 /* OpenSans-SemiboldItalic.ttf */ = {isa = PBXFileReference; lastKnownFileType = file; path = "OpenSans-SemiboldItalic.ttf"; sourceTree = "<group>"; };
		10F8E01E1D00D01800C944CD /* SearchTableViewController.swift */ = {isa = PBXFileReference; fileEncoding = 4; lastKnownFileType = sourcecode.swift; path = SearchTableViewController.swift; sourceTree = "<group>"; };
		10F8E0201D00DD7900C944CD /* DataHoldingTabBarViewController.swift */ = {isa = PBXFileReference; fileEncoding = 4; lastKnownFileType = sourcecode.swift; path = DataHoldingTabBarViewController.swift; sourceTree = "<group>"; };
		40AF727BB302E4406D9693F7 /* libPods-buyBooks.a */ = {isa = PBXFileReference; explicitFileType = archive.ar; includeInIndex = 0; path = "libPods-buyBooks.a"; sourceTree = BUILT_PRODUCTS_DIR; };
		924F0D6F1D0502A000F46D1F /* Nexa Bold.otf */ = {isa = PBXFileReference; lastKnownFileType = file; path = "Nexa Bold.otf"; sourceTree = "<group>"; };
		924F0D701D0502A000F46D1F /* Nexa Light.otf */ = {isa = PBXFileReference; lastKnownFileType = file; path = "Nexa Light.otf"; sourceTree = "<group>"; };
		A496016CBABC8B84555D241A /* Pods-buyBooks.release.xcconfig */ = {isa = PBXFileReference; includeInIndex = 1; lastKnownFileType = text.xcconfig; name = "Pods-buyBooks.release.xcconfig"; path = "Pods/Target Support Files/Pods-buyBooks/Pods-buyBooks.release.xcconfig"; sourceTree = "<group>"; };
/* End PBXFileReference section */

/* Begin PBXFrameworksBuildPhase section */
		1063A9BF1CF3A67500BFB4E0 /* Frameworks */ = {
			isa = PBXFrameworksBuildPhase;
			buildActionMask = 2147483647;
			files = (
				107D79501D022CE200661B91 /* FBSDKShareKit.framework in Frameworks */,
				344F72721272BDEA70598AFD /* libPods-buyBooks.a in Frameworks */,
				107D794E1D022CE200661B91 /* FBSDKCoreKit.framework in Frameworks */,
				107D794F1D022CE200661B91 /* FBSDKLoginKit.framework in Frameworks */,
			);
			runOnlyForDeploymentPostprocessing = 0;
		};
/* End PBXFrameworksBuildPhase section */

/* Begin PBXGroup section */
		096C3B1E53E3F3FDA579203F /* Frameworks */ = {
			isa = PBXGroup;
			children = (
				107D794B1D022CE200661B91 /* FBSDKCoreKit.framework */,
				107D794C1D022CE200661B91 /* FBSDKLoginKit.framework */,
				107D794D1D022CE200661B91 /* FBSDKShareKit.framework */,
				40AF727BB302E4406D9693F7 /* libPods-buyBooks.a */,
			);
			name = Frameworks;
			sourceTree = "<group>";
		};
		102C91221D0778E300D5B9F1 /* Settings */ = {
			isa = PBXGroup;
			children = (
				102C91231D0778FF00D5B9F1 /* SettingsViewController.swift */,
				102C91251D07808D00D5B9F1 /* AboutViewController.swift */,
				102C91271D07809A00D5B9F1 /* EditProfileViewController.swift */,
			);
			name = Settings;
			sourceTree = "<group>";
		};
		1039F4F61CFEA02E0012C2C6 /* Sell Books */ = {
			isa = PBXGroup;
			children = (
				1039F4F91CFEA0590012C2C6 /* Sell Books by ISBN Search */,
				1039F4F71CFEA03E0012C2C6 /* Sell Books by Manual Entry */,
				10C6E70A1CF8EDC3007BFF69 /* Sell Books by Barcode Scan */,
				10C6E7081CF8EA18007BFF69 /* PresentSearchResultsViewController.swift */,
				10DA6EDD1CFCF88300D64DB2 /* SetPriceAndConditionFromSearchViewController.swift */,
				10DA6EDF1CFD07AA00D64DB2 /* FinalConfirmationBeforePostViewController.swift */,
			);
			name = "Sell Books";
			sourceTree = "<group>";
		};
		1039F4F71CFEA03E0012C2C6 /* Sell Books by Manual Entry */ = {
			isa = PBXGroup;
			children = (
				10E2FD441CF3DCA700B6EAE0 /* SellBooksViewController.swift */,
			);
			name = "Sell Books by Manual Entry";
			sourceTree = "<group>";
		};
		1039F4F91CFEA0590012C2C6 /* Sell Books by ISBN Search */ = {
			isa = PBXGroup;
			children = (
				10DA6EE91CFD5DFD00D64DB2 /* SellBySearchingISBNViewController.swift */,
			);
			name = "Sell Books by ISBN Search";
			sourceTree = "<group>";
		};
		1039F4FA1CFEA0E00012C2C6 /* Menu(Popover) */ = {
			isa = PBXGroup;
			children = (
				10C6E7061CF8DEC3007BFF69 /* CreatePostMethodSelectionVIewController.swift */,
			);
			name = "Menu(Popover)";
			sourceTree = "<group>";
		};
		1063A9B91CF3A67500BFB4E0 = {
			isa = PBXGroup;
			children = (
				1063A9C41CF3A67500BFB4E0 /* buyBooks */,
				ED97D7F9542E3B60A031376C /* Pods */,
				096C3B1E53E3F3FDA579203F /* Frameworks */,
				1054916F1D11FDAB0015FA54 /* buyBooks.app */,
			);
			sourceTree = "<group>";
		};
		1063A9C41CF3A67500BFB4E0 /* buyBooks */ = {
			isa = PBXGroup;
			children = (
				102C91221D0778E300D5B9F1 /* Settings */,
				1063A9C51CF3A67500BFB4E0 /* AppDelegate.swift */,
				1063A9C91CF3A67500BFB4E0 /* Main.storyboard */,
				10F8E0221D00EF9A00C944CD /* finishedStuff */,
				1039F4F61CFEA02E0012C2C6 /* Sell Books */,
				10E2FD431CF3DAA900B6EAE0 /* Supporting Files */,
				1063A9CC1CF3A67500BFB4E0 /* Assets.xcassets */,
				10E2FD421CF3DA9200B6EAE0 /* Home Page */,
				1063A9F01CF3B05D00BFB4E0 /* Login */,
			);
			path = buyBooks;
			sourceTree = "<group>";
		};
		1063A9F01CF3B05D00BFB4E0 /* Login */ = {
			isa = PBXGroup;
			children = (
				108C816D1D1A4C5B006D903F /* PrivacyPolicyViewController.swift */,
				10DA6EE51CFD5C1600D64DB2 /* CreateNewAccountViewController.swift */,
				10DA6EE11CFD5BFE00D64DB2 /* ForgotPasswordViewController 2.swift */,
				10DA6EE31CFD5C1000D64DB2 /* LoginViewController.swift */,
			);
			name = Login;
			sourceTree = "<group>";
		};
		1063A9F11CF3B07100BFB4E0 /* Model */ = {
			isa = PBXGroup;
			children = (
				1063A9F41CF3B1DB00BFB4E0 /* Book.swift */,
				1063A9F61CF3B1EF00BFB4E0 /* User.swift */,
			);
			name = Model;
			sourceTree = "<group>";
		};
		10C6E6FF1CF67278007BFF69 /* edit selected book */ = {
			isa = PBXGroup;
			children = (
				10C6E6FD1CF670A2007BFF69 /* EditBooksViewController.swift */,
			);
			name = "edit selected book";
			sourceTree = "<group>";
		};
		10C6E7001CF6751E007BFF69 /* view my books */ = {
			isa = PBXGroup;
			children = (
				10C6E6FF1CF67278007BFF69 /* edit selected book */,
				10C6E6F91CF65BC3007BFF69 /* MyBooksViewController.swift */,
				10C6E6FB1CF65C55007BFF69 /* MyBooksViewCell.swift */,
			);
			name = "view my books";
			sourceTree = "<group>";
		};
		10C6E7011CF6752C007BFF69 /* view all books */ = {
			isa = PBXGroup;
			children = (
				1063A9C71CF3A67500BFB4E0 /* HomeViewController.swift */,
				1039F4FB1CFEA14E0012C2C6 /* ViewDetailOfBooksOnSaleViewController.swift */,
				10DA6EE71CFD5C3C00D64DB2 /* PostTableViewCell.swift */,
			);
			name = "view all books";
			sourceTree = "<group>";
		};
		10C6E70A1CF8EDC3007BFF69 /* Sell Books by Barcode Scan */ = {
			isa = PBXGroup;
			children = (
				10C6E7021CF79FEF007BFF69 /* BarcodeScannerViewController.swift */,
			);
			name = "Sell Books by Barcode Scan";
			sourceTree = "<group>";
		};
		10E2FD421CF3DA9200B6EAE0 /* Home Page */ = {
			isa = PBXGroup;
			children = (
				10C6E7011CF6752C007BFF69 /* view all books */,
				10C6E7001CF6751E007BFF69 /* view my books */,
			);
			name = "Home Page";
			sourceTree = "<group>";
		};
		10E2FD431CF3DAA900B6EAE0 /* Supporting Files */ = {
			isa = PBXGroup;
			children = (
				10E68C5C1D0DD366007FFD83 /* OpenSans-Bold.ttf */,
				10E68C5D1D0DD366007FFD83 /* OpenSans-BoldItalic.ttf */,
				10E68C5E1D0DD366007FFD83 /* OpenSans-ExtraBold.ttf */,
				10E68C5F1D0DD366007FFD83 /* OpenSans-ExtraBoldItalic.ttf */,
				10E68C601D0DD366007FFD83 /* OpenSans-Italic.ttf */,
				10E68C611D0DD366007FFD83 /* OpenSans-Light.ttf */,
				10E68C621D0DD366007FFD83 /* OpenSans-LightItalic.ttf */,
				10E68C631D0DD366007FFD83 /* OpenSans-Regular.ttf */,
				10E68C641D0DD366007FFD83 /* OpenSans-Semibold.ttf */,
				10E68C651D0DD366007FFD83 /* OpenSans-SemiboldItalic.ttf */,
				1006FE021D0166C00015A206 /* Keytin-Light.ttf */,
				1006FE061D0169BC0015A206 /* OstrichSans-Light.otf */,
				924F0D6F1D0502A000F46D1F /* Nexa Bold.otf */,
				924F0D701D0502A000F46D1F /* Nexa Light.otf */,
				1006FE051D01699F0015A206 /* ostrich-regular.ttf */,
				1039F4FD1CFEABB00012C2C6 /* CustomViewIBDesignable.swift */,
				10D0FFEF1D06280100726041 /* SF-UI-Text-Light.otf */,
				10D0FFEE1D0627EB00726041 /* SF-UI-Text-Regular.otf */,
				10B91E111CF3CDBD005D19B3 /* Firebase.h */,
				10CBFC1F1D1DCD98009DB78B /* GoogleService-Info.plist */,
				1063A9D11CF3A67500BFB4E0 /* Info.plist */,
				10AEB4D41CFF96850037E744 /* UIImageView+Letters.h */,
				10AEB4D51CFF96850037E744 /* UIImageView+Letters.m */,
				1063A9CE1CF3A67500BFB4E0 /* LaunchScreen.storyboard */,
				10B91E121CF3CDD3005D19B3 /* module.modulemap */,
				105330B61CFF9BB0000EC461 /* buyBooks-Bridging-Header.h */,
				10BF5F871D2C4AFA00F7D621 /* ImageLoadingWithCache.swift */,
			);
			name = "Supporting Files";
			sourceTree = "<group>";
		};
		10F8E0221D00EF9A00C944CD /* finishedStuff */ = {
			isa = PBXGroup;
			children = (
				10F8E01E1D00D01800C944CD /* SearchTableViewController.swift */,
				1063A9F11CF3B07100BFB4E0 /* Model */,
				1039F4FA1CFEA0E00012C2C6 /* Menu(Popover) */,
				10F8E0201D00DD7900C944CD /* DataHoldingTabBarViewController.swift */,
			);
			name = finishedStuff;
			sourceTree = "<group>";
		};
		ED97D7F9542E3B60A031376C /* Pods */ = {
			isa = PBXGroup;
			children = (
				02ADF71089E9F04C8FDACE96 /* Pods-buyBooks.debug.xcconfig */,
				A496016CBABC8B84555D241A /* Pods-buyBooks.release.xcconfig */,
			);
			name = Pods;
			sourceTree = "<group>";
		};
/* End PBXGroup section */

/* Begin PBXNativeTarget section */
		1063A9C11CF3A67500BFB4E0 /* buyBooks */ = {
			isa = PBXNativeTarget;
			buildConfigurationList = 1063A9D41CF3A67500BFB4E0 /* Build configuration list for PBXNativeTarget "buyBooks" */;
			buildPhases = (
				581610CABF5EC075B3CFC3F8 /* 📦 Check Pods Manifest.lock */,
				1063A9BE1CF3A67500BFB4E0 /* Sources */,
				1063A9BF1CF3A67500BFB4E0 /* Frameworks */,
				1063A9C01CF3A67500BFB4E0 /* Resources */,
				1B804533AC5640DCC16FF9A6 /* 📦 Embed Pods Frameworks */,
				09EDC84E988B6DBF066112B1 /* 📦 Copy Pods Resources */,
			);
			buildRules = (
			);
			dependencies = (
			);
			name = buyBooks;
			productName = buyBooks;
			productReference = 1054916F1D11FDAB0015FA54 /* buyBooks.app */;
			productType = "com.apple.product-type.application";
		};
/* End PBXNativeTarget section */

/* Begin PBXProject section */
		1063A9BA1CF3A67500BFB4E0 /* Project object */ = {
			isa = PBXProject;
			attributes = {
				LastSwiftUpdateCheck = 0730;
				LastUpgradeCheck = 0730;
				ORGANIZATIONNAME = www.ssanjay.com;
				TargetAttributes = {
					1063A9C11CF3A67500BFB4E0 = {
						CreatedOnToolsVersion = 7.3.1;
						DevelopmentTeam = 467MTJSPA6;
					};
				};
			};
			buildConfigurationList = 1063A9BD1CF3A67500BFB4E0 /* Build configuration list for PBXProject "buyBooks" */;
			compatibilityVersion = "Xcode 3.2";
			developmentRegion = English;
			hasScannedForEncodings = 0;
			knownRegions = (
				en,
				Base,
			);
			mainGroup = 1063A9B91CF3A67500BFB4E0;
			productRefGroup = 1063A9B91CF3A67500BFB4E0;
			projectDirPath = "";
			projectRoot = "";
			targets = (
				1063A9C11CF3A67500BFB4E0 /* buyBooks */,
			);
		};
/* End PBXProject section */

/* Begin PBXResourcesBuildPhase section */
		1063A9C01CF3A67500BFB4E0 /* Resources */ = {
			isa = PBXResourcesBuildPhase;
			buildActionMask = 2147483647;
			files = (
				10E68C661D0DD37A007FFD83 /* OpenSans-Bold.ttf in Resources */,
				10E68C671D0DD37A007FFD83 /* OpenSans-BoldItalic.ttf in Resources */,
				10E68C681D0DD37A007FFD83 /* OpenSans-ExtraBold.ttf in Resources */,
				10E68C691D0DD37A007FFD83 /* OpenSans-ExtraBoldItalic.ttf in Resources */,
				10E68C6A1D0DD37A007FFD83 /* OpenSans-Italic.ttf in Resources */,
				10E68C6B1D0DD37A007FFD83 /* OpenSans-Light.ttf in Resources */,
				10E68C6C1D0DD37A007FFD83 /* OpenSans-LightItalic.ttf in Resources */,
				10E68C6D1D0DD37A007FFD83 /* OpenSans-Regular.ttf in Resources */,
				10E68C6E1D0DD37A007FFD83 /* OpenSans-Semibold.ttf in Resources */,
				10E68C6F1D0DD37A007FFD83 /* OpenSans-SemiboldItalic.ttf in Resources */,
				10D0FFF71D063ECD00726041 /* SF-UI-Text-Light.otf in Resources */,
				10D0FFF31D063EBC00726041 /* SF-UI-Text-Regular.otf in Resources */,
				924F0D711D0502F200F46D1F /* Nexa Bold.otf in Resources */,
				924F0D721D0502F200F46D1F /* Nexa Light.otf in Resources */,
				10CBFC201D1DCD98009DB78B /* GoogleService-Info.plist in Resources */,
				1006FE071D0169EC0015A206 /* OstrichSans-Light.otf in Resources */,
				1006FE081D0169EC0015A206 /* ostrich-regular.ttf in Resources */,
				1006FE041D0168570015A206 /* Keytin-Light.ttf in Resources */,
				1063A9D01CF3A67500BFB4E0 /* LaunchScreen.storyboard in Resources */,
				1063A9CD1CF3A67500BFB4E0 /* Assets.xcassets in Resources */,
				1063A9CB1CF3A67500BFB4E0 /* Main.storyboard in Resources */,
			);
			runOnlyForDeploymentPostprocessing = 0;
		};
/* End PBXResourcesBuildPhase section */

/* Begin PBXShellScriptBuildPhase section */
		09EDC84E988B6DBF066112B1 /* 📦 Copy Pods Resources */ = {
			isa = PBXShellScriptBuildPhase;
			buildActionMask = 2147483647;
			files = (
			);
			inputPaths = (
			);
			name = "📦 Copy Pods Resources";
			outputPaths = (
			);
			runOnlyForDeploymentPostprocessing = 0;
			shellPath = /bin/sh;
			shellScript = "\"${SRCROOT}/Pods/Target Support Files/Pods-buyBooks/Pods-buyBooks-resources.sh\"\n";
			showEnvVarsInLog = 0;
		};
		1B804533AC5640DCC16FF9A6 /* 📦 Embed Pods Frameworks */ = {
			isa = PBXShellScriptBuildPhase;
			buildActionMask = 2147483647;
			files = (
			);
			inputPaths = (
			);
			name = "📦 Embed Pods Frameworks";
			outputPaths = (
			);
			runOnlyForDeploymentPostprocessing = 0;
			shellPath = /bin/sh;
			shellScript = "\"${SRCROOT}/Pods/Target Support Files/Pods-buyBooks/Pods-buyBooks-frameworks.sh\"\n";
			showEnvVarsInLog = 0;
		};
		581610CABF5EC075B3CFC3F8 /* 📦 Check Pods Manifest.lock */ = {
			isa = PBXShellScriptBuildPhase;
			buildActionMask = 2147483647;
			files = (
			);
			inputPaths = (
			);
			name = "📦 Check Pods Manifest.lock";
			outputPaths = (
			);
			runOnlyForDeploymentPostprocessing = 0;
			shellPath = /bin/sh;
			shellScript = "diff \"${PODS_ROOT}/../Podfile.lock\" \"${PODS_ROOT}/Manifest.lock\" > /dev/null\nif [[ $? != 0 ]] ; then\n    cat << EOM\nerror: The sandbox is not in sync with the Podfile.lock. Run 'pod install' or update your CocoaPods installation.\nEOM\n    exit 1\nfi\n";
			showEnvVarsInLog = 0;
		};
/* End PBXShellScriptBuildPhase section */

/* Begin PBXSourcesBuildPhase section */
		1063A9BE1CF3A67500BFB4E0 /* Sources */ = {
			isa = PBXSourcesBuildPhase;
			buildActionMask = 2147483647;
			files = (
				1039F4FC1CFEA14E0012C2C6 /* ViewDetailOfBooksOnSaleViewController.swift in Sources */,
				10C6E6FC1CF65C55007BFF69 /* MyBooksViewCell.swift in Sources */,
				1039F4FE1CFEABB00012C2C6 /* CustomViewIBDesignable.swift in Sources */,
				10DA6EE41CFD5C1000D64DB2 /* LoginViewController.swift in Sources */,
				10DA6EE61CFD5C1600D64DB2 /* CreateNewAccountViewController.swift in Sources */,
				10DA6EE01CFD07AA00D64DB2 /* FinalConfirmationBeforePostViewController.swift in Sources */,
				10DA6EE81CFD5C3C00D64DB2 /* PostTableViewCell.swift in Sources */,
				10C6E7091CF8EA18007BFF69 /* PresentSearchResultsViewController.swift in Sources */,
				102C91241D0778FF00D5B9F1 /* SettingsViewController.swift in Sources */,
				10DA6EDE1CFCF88300D64DB2 /* SetPriceAndConditionFromSearchViewController.swift in Sources */,
				10DA6EE21CFD5BFE00D64DB2 /* ForgotPasswordViewController 2.swift in Sources */,
				1063A9C81CF3A67500BFB4E0 /* HomeViewController.swift in Sources */,
				10E2FD451CF3DCA700B6EAE0 /* SellBooksViewController.swift in Sources */,
				10C6E7071CF8DEC3007BFF69 /* CreatePostMethodSelectionVIewController.swift in Sources */,
				10AEB4D61CFF96850037E744 /* UIImageView+Letters.m in Sources */,
				1063A9F51CF3B1DB00BFB4E0 /* Book.swift in Sources */,
				108C816E1D1A4C5B006D903F /* PrivacyPolicyViewController.swift in Sources */,
				10C6E7031CF79FEF007BFF69 /* BarcodeScannerViewController.swift in Sources */,
				10C6E6FA1CF65BC3007BFF69 /* MyBooksViewController.swift in Sources */,
				1063A9C61CF3A67500BFB4E0 /* AppDelegate.swift in Sources */,
				10C6E6FE1CF670A2007BFF69 /* EditBooksViewController.swift in Sources */,
				10F8E01F1D00D01800C944CD /* SearchTableViewController.swift in Sources */,
				10F8E0211D00DD7900C944CD /* DataHoldingTabBarViewController.swift in Sources */,
				10DA6EEA1CFD5DFD00D64DB2 /* SellBySearchingISBNViewController.swift in Sources */,
				102C91261D07808D00D5B9F1 /* AboutViewController.swift in Sources */,
				1063A9F71CF3B1EF00BFB4E0 /* User.swift in Sources */,
				102C91281D07809A00D5B9F1 /* EditProfileViewController.swift in Sources */,
				10BF5F881D2C4AFA00F7D621 /* ImageLoadingWithCache.swift in Sources */,
			);
			runOnlyForDeploymentPostprocessing = 0;
		};
/* End PBXSourcesBuildPhase section */

/* Begin PBXVariantGroup section */
		1063A9C91CF3A67500BFB4E0 /* Main.storyboard */ = {
			isa = PBXVariantGroup;
			children = (
				1063A9CA1CF3A67500BFB4E0 /* Base */,
			);
			name = Main.storyboard;
			sourceTree = "<group>";
		};
		1063A9CE1CF3A67500BFB4E0 /* LaunchScreen.storyboard */ = {
			isa = PBXVariantGroup;
			children = (
				1063A9CF1CF3A67500BFB4E0 /* Base */,
			);
			name = LaunchScreen.storyboard;
			sourceTree = "<group>";
		};
/* End PBXVariantGroup section */

/* Begin XCBuildConfiguration section */
		1063A9D21CF3A67500BFB4E0 /* Debug */ = {
			isa = XCBuildConfiguration;
			buildSettings = {
				ALWAYS_SEARCH_USER_PATHS = NO;
				CLANG_ANALYZER_NONNULL = YES;
				CLANG_CXX_LANGUAGE_STANDARD = "gnu++0x";
				CLANG_CXX_LIBRARY = "libc++";
				CLANG_ENABLE_MODULES = YES;
				CLANG_ENABLE_OBJC_ARC = YES;
				CLANG_WARN_BOOL_CONVERSION = YES;
				CLANG_WARN_CONSTANT_CONVERSION = YES;
				CLANG_WARN_DIRECT_OBJC_ISA_USAGE = YES_ERROR;
				CLANG_WARN_EMPTY_BODY = YES;
				CLANG_WARN_ENUM_CONVERSION = YES;
				CLANG_WARN_INT_CONVERSION = YES;
				CLANG_WARN_OBJC_ROOT_CLASS = YES_ERROR;
				CLANG_WARN_UNREACHABLE_CODE = YES;
				CLANG_WARN__DUPLICATE_METHOD_MATCH = YES;
				"CODE_SIGN_IDENTITY[sdk=iphoneos*]" = "iPhone Developer";
				COPY_PHASE_STRIP = NO;
				DEBUG_INFORMATION_FORMAT = dwarf;
				ENABLE_STRICT_OBJC_MSGSEND = YES;
				ENABLE_TESTABILITY = YES;
				GCC_C_LANGUAGE_STANDARD = gnu99;
				GCC_DYNAMIC_NO_PIC = NO;
				GCC_NO_COMMON_BLOCKS = YES;
				GCC_OPTIMIZATION_LEVEL = 0;
				GCC_PREPROCESSOR_DEFINITIONS = (
					"DEBUG=1",
					"$(inherited)",
				);
				GCC_WARN_64_TO_32_BIT_CONVERSION = YES;
				GCC_WARN_ABOUT_RETURN_TYPE = YES_ERROR;
				GCC_WARN_UNDECLARED_SELECTOR = YES;
				GCC_WARN_UNINITIALIZED_AUTOS = YES_AGGRESSIVE;
				GCC_WARN_UNUSED_FUNCTION = YES;
				GCC_WARN_UNUSED_VARIABLE = YES;
				IPHONEOS_DEPLOYMENT_TARGET = 9.3;
				MTL_ENABLE_DEBUG_INFO = YES;
				ONLY_ACTIVE_ARCH = YES;
				SDKROOT = iphoneos;
				SWIFT_OPTIMIZATION_LEVEL = "-Onone";
			};
			name = Debug;
		};
		1063A9D31CF3A67500BFB4E0 /* Release */ = {
			isa = XCBuildConfiguration;
			buildSettings = {
				ALWAYS_SEARCH_USER_PATHS = NO;
				CLANG_ANALYZER_NONNULL = YES;
				CLANG_CXX_LANGUAGE_STANDARD = "gnu++0x";
				CLANG_CXX_LIBRARY = "libc++";
				CLANG_ENABLE_MODULES = YES;
				CLANG_ENABLE_OBJC_ARC = YES;
				CLANG_WARN_BOOL_CONVERSION = YES;
				CLANG_WARN_CONSTANT_CONVERSION = YES;
				CLANG_WARN_DIRECT_OBJC_ISA_USAGE = YES_ERROR;
				CLANG_WARN_EMPTY_BODY = YES;
				CLANG_WARN_ENUM_CONVERSION = YES;
				CLANG_WARN_INT_CONVERSION = YES;
				CLANG_WARN_OBJC_ROOT_CLASS = YES_ERROR;
				CLANG_WARN_UNREACHABLE_CODE = YES;
				CLANG_WARN__DUPLICATE_METHOD_MATCH = YES;
				"CODE_SIGN_IDENTITY[sdk=iphoneos*]" = "iPhone Developer";
				COPY_PHASE_STRIP = NO;
				DEBUG_INFORMATION_FORMAT = "dwarf-with-dsym";
				ENABLE_NS_ASSERTIONS = NO;
				ENABLE_STRICT_OBJC_MSGSEND = YES;
				GCC_C_LANGUAGE_STANDARD = gnu99;
				GCC_NO_COMMON_BLOCKS = YES;
				GCC_WARN_64_TO_32_BIT_CONVERSION = YES;
				GCC_WARN_ABOUT_RETURN_TYPE = YES_ERROR;
				GCC_WARN_UNDECLARED_SELECTOR = YES;
				GCC_WARN_UNINITIALIZED_AUTOS = YES_AGGRESSIVE;
				GCC_WARN_UNUSED_FUNCTION = YES;
				GCC_WARN_UNUSED_VARIABLE = YES;
				IPHONEOS_DEPLOYMENT_TARGET = 9.3;
				MTL_ENABLE_DEBUG_INFO = NO;
				SDKROOT = iphoneos;
				VALIDATE_PRODUCT = YES;
			};
			name = Release;
		};
		1063A9D51CF3A67500BFB4E0 /* Debug */ = {
			isa = XCBuildConfiguration;
			baseConfigurationReference = 02ADF71089E9F04C8FDACE96 /* Pods-buyBooks.debug.xcconfig */;
			buildSettings = {
				ALWAYS_SEARCH_USER_PATHS = YES;
				ASSETCATALOG_COMPILER_APPICON_NAME = AppIcon;
				CLANG_ENABLE_MODULES = YES;
				CODE_SIGN_IDENTITY = "iPhone Developer";
				"CODE_SIGN_IDENTITY[sdk=iphoneos*]" = "iPhone Developer";
				FRAMEWORK_SEARCH_PATHS = (
					"$(PROJECT_DIR)",
					"$(inherited)",
				);
				INFOPLIST_FILE = buyBooks/Info.plist;
				LD_RUNPATH_SEARCH_PATHS = "$(inherited) @executable_path/Frameworks";
				PRODUCT_BUNDLE_IDENTIFIER = "com.St-Marys.book-rack";
				PRODUCT_NAME = "$(TARGET_NAME)";
				PROVISIONING_PROFILE = "";
				STRIPFLAGS = "-ObjC flag";
				STRIP_INSTALLED_PRODUCT = NO;
				SWIFT_OBJC_BRIDGING_HEADER = "buyBooks/buyBooks-Bridging-Header.h";
				SWIFT_OPTIMIZATION_LEVEL = "-Onone";
				TARGETED_DEVICE_FAMILY = "1,2";
			};
			name = Debug;
		};
		1063A9D61CF3A67500BFB4E0 /* Release */ = {
			isa = XCBuildConfiguration;
			baseConfigurationReference = A496016CBABC8B84555D241A /* Pods-buyBooks.release.xcconfig */;
			buildSettings = {
				ALWAYS_SEARCH_USER_PATHS = YES;
				ASSETCATALOG_COMPILER_APPICON_NAME = AppIcon;
				CLANG_ENABLE_MODULES = YES;
				CODE_SIGN_IDENTITY = "iPhone Developer";
				"CODE_SIGN_IDENTITY[sdk=iphoneos*]" = "iPhone Developer";
				FRAMEWORK_SEARCH_PATHS = (
					"$(PROJECT_DIR)",
					"$(inherited)",
				);
				INFOPLIST_FILE = buyBooks/Info.plist;
				LD_RUNPATH_SEARCH_PATHS = "$(inherited) @executable_path/Frameworks";
				PRODUCT_BUNDLE_IDENTIFIER = "com.St-Marys.book-rack";
				PRODUCT_NAME = "$(TARGET_NAME)";
				PROVISIONING_PROFILE = "";
				STRIPFLAGS = "-ObjC flag";
				STRIP_INSTALLED_PRODUCT = NO;
				SWIFT_OBJC_BRIDGING_HEADER = "buyBooks/buyBooks-Bridging-Header.h";
				TARGETED_DEVICE_FAMILY = "1,2";
			};
			name = Release;
		};
/* End XCBuildConfiguration section */

/* Begin XCConfigurationList section */
		1063A9BD1CF3A67500BFB4E0 /* Build configuration list for PBXProject "buyBooks" */ = {
			isa = XCConfigurationList;
			buildConfigurations = (
				1063A9D21CF3A67500BFB4E0 /* Debug */,
				1063A9D31CF3A67500BFB4E0 /* Release */,
			);
			defaultConfigurationIsVisible = 0;
			defaultConfigurationName = Release;
		};
		1063A9D41CF3A67500BFB4E0 /* Build configuration list for PBXNativeTarget "buyBooks" */ = {
			isa = XCConfigurationList;
			buildConfigurations = (
				1063A9D51CF3A67500BFB4E0 /* Debug */,
				1063A9D61CF3A67500BFB4E0 /* Release */,
			);
			defaultConfigurationIsVisible = 0;
			defaultConfigurationName = Release;
		};
/* End XCConfigurationList section */
	};
	rootObject = 1063A9BA1CF3A67500BFB4E0 /* Project object */;
}
